
Microsoft Visual Studio Solution File, Format Version 12.00
# Visual Studio Version 17
VisualStudioVersion = 17.12.35728.132
MinimumVisualStudioVersion = 10.0.40219.1
Project("{2150E333-8FDC-42A3-9474-1A3956D46DE8}") = "Tools", "Tools", "{6BDC383A-98BC-485D-A382-F59B9AF8F3D1}"
EndProject
Project("{2150E333-8FDC-42A3-9474-1A3956D46DE8}") = "Cameras", "Cameras", "{04A7207D-4C41-4286-A605-BF67C57F58CF}"
EndProject
Project("{2150E333-8FDC-42A3-9474-1A3956D46DE8}") = "HK", "HK", "{198D791E-8344-4DE7-8E51-01977FF2AF71}"
EndProject
Project("{2150E333-8FDC-42A3-9474-1A3956D46DE8}") = "DPVToolTemplateMatch", "DPVToolTemplateMatch", "{1C4C4453-2F52-402E-B148-D95F0A81E21A}"
EndProject
Project("{FAE04EC0-301F-11D3-BF4B-00C04F79EFBC}") = "DPVToolTemplateMatch", "Tools\DPVToolTemplateMatch\DPVToolTemplateMatch\DPVToolTemplateMatch.csproj", "{2F5C9ABA-6B2C-42F8-ACE0-2503AB203A91}"
EndProject
Project("{FAE04EC0-301F-11D3-BF4B-00C04F79EFBC}") = "DPVToolTemplateMatchUI", "Tools\DPVToolTemplateMatch\DPVToolTemplateMatchUI\DPVToolTemplateMatchUI.csproj", "{DCA74AB3-9EBE-47C6-9F87-D0E2D347F134}"
EndProject
Project("{2150E333-8FDC-42A3-9474-1A3956D46DE8}") = "ImageView", "ImageView", "{54F29F8A-B37B-4CF1-A046-C83004ED8080}"
EndProject
Project("{FAE04EC0-301F-11D3-BF4B-00C04F79EFBC}") = "DPVCameraHK", "Cameras\HK\DPVCameraHK.csproj", "{F4DF0EA2-1068-4277-8D00-C524A1B0F2F1}"
EndProject
Project("{FAE04EC0-301F-11D3-BF4B-00C04F79EFBC}") = "DPVision.Common", "DPVision.Common\DPVision.Common.csproj", "{190D60D2-9A67-4ACD-BCF1-2E97739DCCD8}"
EndProject
Project("{FAE04EC0-301F-11D3-BF4B-00C04F79EFBC}") = "DPVision.Core", "DPVision.Core\DPVision.Core.csproj", "{49A16050-E603-4C12-991E-38C4C84C03AE}"
EndProject
Project("{FAE04EC0-301F-11D3-BF4B-00C04F79EFBC}") = "DPVision.Model", "DPVision.Model\DPVision.Model.csproj", "{035EFCD2-21C1-47E6-8650-E5C60D59B1E0}"
EndProject
Project("{FAE04EC0-301F-11D3-BF4B-00C04F79EFBC}") = "DPVisionLog", "DPVisionLog\DPVisionLog.csproj", "{E7EDD38B-F1DB-48D4-9399-0BE1C88C48CE}"
EndProject
Project("{FAE04EC0-301F-11D3-BF4B-00C04F79EFBC}") = "ImageView", "ImageView\ImageView\ImageView.csproj", "{6D70CF99-4054-413C-A8D0-64AD5F9DB0A3}"
EndProject
Project("{FAE04EC0-301F-11D3-BF4B-00C04F79EFBC}") = "ImageViewWpf", "ImageView\ImageViewWpf\ImageViewWpf.csproj", "{4EC5351E-EFF1-4474-8B73-433DA5AFD5D2}"
EndProject
Project("{2150E333-8FDC-42A3-9474-1A3956D46DE8}") = "Flows", "Flows", "{4F5BDF52-7CE4-475A-9855-4CFE531FEAF4}"
EndProject
Project("{2150E333-8FDC-42A3-9474-1A3956D46DE8}") = "2.mark流程", "2.mark流程", "{BC12C5C4-D096-4144-ABB4-6E6D457E3B51}"
EndProject
Project("{2150E333-8FDC-42A3-9474-1A3956D46DE8}") = "1.标定流程", "1.标定流程", "{D092AD4B-8F8B-490D-B966-4550F2D9B9BF}"
EndProject
Project("{2150E333-8FDC-42A3-9474-1A3956D46DE8}") = "DPVToolFindCircle", "DPVToolFindCircle", "{0015AB2A-2A64-4E89-B648-CC7A273C798A}"
EndProject
Project("{FAE04EC0-301F-11D3-BF4B-00C04F79EFBC}") = "DPVToolFindCicle", "Tools\DPVToolFindCicle\DPVToolFindCicle\DPVToolFindCicle.csproj", "{7C350971-ED03-4124-B395-6DBF8965E119}"
EndProject
Project("{FAE04EC0-301F-11D3-BF4B-00C04F79EFBC}") = "DPVToolFindCicleUI", "Tools\DPVToolFindCicle\DPVToolFindCicleUI\DPVToolFindCicleUI.csproj", "{73196234-B330-4388-A9DB-EE841F828F6D}"
EndProject
Project("{2150E333-8FDC-42A3-9474-1A3956D46DE8}") = "DPVToolImageSource", "DPVToolImageSource", "{1F5571C5-F985-4848-B823-1C9A0165CEC3}"
EndProject
Project("{2150E333-8FDC-42A3-9474-1A3956D46DE8}") = "DPVToolImageEnhance", "DPVToolImageEnhance", "{9D583EA1-EC8E-42CC-9595-24B6F38D0B8F}"
EndProject
Project("{2150E333-8FDC-42A3-9474-1A3956D46DE8}") = "DPVToolInternsityMeasure", "DPVToolInternsityMeasure", "{A1D31F08-1EA8-4C32-B0A0-E94B25B86252}"
EndProject
Project("{FAE04EC0-301F-11D3-BF4B-00C04F79EFBC}") = "DPVToolImageEnhance", "Tools\DPVToolImageEnhance\DPVToolImageEnhance\DPVToolImageEnhance.csproj", "{AF5E058F-AB5A-4136-AB8C-3BA5D7835560}"
EndProject
Project("{FAE04EC0-301F-11D3-BF4B-00C04F79EFBC}") = "DPVToolImageEnhanceUI", "Tools\DPVToolImageEnhance\DPVToolImageEnhanceUI\DPVToolImageEnhanceUI.csproj", "{B75A2250-EC45-4D27-AC83-8CAD57B3DC11}"
EndProject
Project("{FAE04EC0-301F-11D3-BF4B-00C04F79EFBC}") = "DPVToolImageSource", "Tools\DPVToolImageSource\DPVToolImageSource\DPVToolImageSource.csproj", "{10AB642C-C064-4387-83C7-688CA93C868C}"
EndProject
Project("{FAE04EC0-301F-11D3-BF4B-00C04F79EFBC}") = "DPVToolImageSourceUI", "Tools\DPVToolImageSource\DPVToolImageSourceUI\DPVToolImageSourceUI.csproj", "{8C617106-C8ED-422C-A756-725B1C6AE1D7}"
EndProject
Project("{FAE04EC0-301F-11D3-BF4B-00C04F79EFBC}") = "DPVToolIntensityMeasure", "Tools\DPVToolIntensityMeasure\DPVToolIntensityMeasure\DPVToolIntensityMeasure.csproj", "{96098DCB-0138-4851-B39F-9B5D3E2113FC}"
EndProject
Project("{FAE04EC0-301F-11D3-BF4B-00C04F79EFBC}") = "DPVToolIntensityMeasureUI", "Tools\DPVToolIntensityMeasure\DPVToolIntensityMeasureUI\DPVToolIntensityMeasureUI.csproj", "{67C86B9D-4663-447A-A637-CE0F2494AA71}"
EndProject
Project("{FAE04EC0-301F-11D3-BF4B-00C04F79EFBC}") = "DPVFlowMark", "Flows\DPVFlowMark\DPVFlowMark.csproj", "{124C6C29-8A78-42E7-96B4-56F60B829F3D}"
EndProject
Project("{FAE04EC0-301F-11D3-BF4B-00C04F79EFBC}") = "DPVFlowCali", "Flows\DPVFlowCali\DPVFlowCali.csproj", "{D3B7C6C7-C198-4FCA-903E-A53A08EBF4A8}"
EndProject
Project("{2150E333-8FDC-42A3-9474-1A3956D46DE8}") = "DPVToolNPointCali", "DPVToolNPointCali", "{2A8C2112-7234-4AEC-A978-266720581386}"
EndProject
Project("{FAE04EC0-301F-11D3-BF4B-00C04F79EFBC}") = "DPVToolNPointCali", "Tools\DPVToolNPointCali\DPVToolNPointCali\DPVToolNPointCali.csproj", "{B4953FB4-E904-4C48-B03E-D826C3D9785B}"
EndProject
Project("{FAE04EC0-301F-11D3-BF4B-00C04F79EFBC}") = "DPVToolNPointCaliUI", "Tools\DPVToolNPointCali\DPVToolNPointCaliUI\DPVToolNPointCaliUI.csproj", "{F843720A-D3A3-496E-AFBE-F441C1A2353D}"
EndProject
Project("{FAE04EC0-301F-11D3-BF4B-00C04F79EFBC}") = "DPVFlowUI", "Flows\DPVFlowUI\DPVFlowUI.csproj", "{BE9BE488-A7B3-4172-96C8-329666AB7BAD}"
EndProject
Project("{FAE04EC0-301F-11D3-BF4B-00C04F79EFBC}") = "MainApp", "MainApp\MainApp.csproj", "{8ADB468C-2C83-4380-A8C6-622DDB339442}"
EndProject
Project("{FAE04EC0-301F-11D3-BF4B-00C04F79EFBC}") = "DPVision", "DPVision\DPVision.csproj", "{38938324-A96D-4662-9DB8-4F75AB292245}"
EndProject
Global
	GlobalSection(SolutionConfigurationPlatforms) = preSolution
		Debug|Any CPU = Debug|Any CPU
		Release|Any CPU = Release|Any CPU
	EndGlobalSection
	GlobalSection(ProjectConfigurationPlatforms) = postSolution
		{2F5C9ABA-6B2C-42F8-ACE0-2503AB203A91}.Debug|Any CPU.ActiveCfg = Debug|Any CPU
		{2F5C9ABA-6B2C-42F8-ACE0-2503AB203A91}.Debug|Any CPU.Build.0 = Debug|Any CPU
		{2F5C9ABA-6B2C-42F8-ACE0-2503AB203A91}.Release|Any CPU.ActiveCfg = Release|Any CPU
		{2F5C9ABA-6B2C-42F8-ACE0-2503AB203A91}.Release|Any CPU.Build.0 = Release|Any CPU
		{DCA74AB3-9EBE-47C6-9F87-D0E2D347F134}.Debug|Any CPU.ActiveCfg = Debug|Any CPU
		{DCA74AB3-9EBE-47C6-9F87-D0E2D347F134}.Debug|Any CPU.Build.0 = Debug|Any CPU
		{DCA74AB3-9EBE-47C6-9F87-D0E2D347F134}.Release|Any CPU.ActiveCfg = Release|Any CPU
		{DCA74AB3-9EBE-47C6-9F87-D0E2D347F134}.Release|Any CPU.Build.0 = Release|Any CPU
		{F4DF0EA2-1068-4277-8D00-C524A1B0F2F1}.Debug|Any CPU.ActiveCfg = Debug|Any CPU
		{F4DF0EA2-1068-4277-8D00-C524A1B0F2F1}.Debug|Any CPU.Build.0 = Debug|Any CPU
		{F4DF0EA2-1068-4277-8D00-C524A1B0F2F1}.Release|Any CPU.ActiveCfg = Release|Any CPU
		{F4DF0EA2-1068-4277-8D00-C524A1B0F2F1}.Release|Any CPU.Build.0 = Release|Any CPU
		{190D60D2-9A67-4ACD-BCF1-2E97739DCCD8}.Debug|Any CPU.ActiveCfg = Debug|Any CPU
		{190D60D2-9A67-4ACD-BCF1-2E97739DCCD8}.Debug|Any CPU.Build.0 = Debug|Any CPU
		{190D60D2-9A67-4ACD-BCF1-2E97739DCCD8}.Release|Any CPU.ActiveCfg = Release|Any CPU
		{190D60D2-9A67-4ACD-BCF1-2E97739DCCD8}.Release|Any CPU.Build.0 = Release|Any CPU
		{49A16050-E603-4C12-991E-38C4C84C03AE}.Debug|Any CPU.ActiveCfg = Debug|Any CPU
		{49A16050-E603-4C12-991E-38C4C84C03AE}.Debug|Any CPU.Build.0 = Debug|Any CPU
		{49A16050-E603-4C12-991E-38C4C84C03AE}.Release|Any CPU.ActiveCfg = Release|Any CPU
		{49A16050-E603-4C12-991E-38C4C84C03AE}.Release|Any CPU.Build.0 = Release|Any CPU
		{035EFCD2-21C1-47E6-8650-E5C60D59B1E0}.Debug|Any CPU.ActiveCfg = Debug|Any CPU
		{035EFCD2-21C1-47E6-8650-E5C60D59B1E0}.Debug|Any CPU.Build.0 = Debug|Any CPU
		{035EFCD2-21C1-47E6-8650-E5C60D59B1E0}.Release|Any CPU.ActiveCfg = Release|Any CPU
		{035EFCD2-21C1-47E6-8650-E5C60D59B1E0}.Release|Any CPU.Build.0 = Release|Any CPU
		{E7EDD38B-F1DB-48D4-9399-0BE1C88C48CE}.Debug|Any CPU.ActiveCfg = Debug|Any CPU
		{E7EDD38B-F1DB-48D4-9399-0BE1C88C48CE}.Debug|Any CPU.Build.0 = Debug|Any CPU
		{E7EDD38B-F1DB-48D4-9399-0BE1C88C48CE}.Release|Any CPU.ActiveCfg = Release|Any CPU
		{E7EDD38B-F1DB-48D4-9399-0BE1C88C48CE}.Release|Any CPU.Build.0 = Release|Any CPU
		{6D70CF99-4054-413C-A8D0-64AD5F9DB0A3}.Debug|Any CPU.ActiveCfg = Debug|Any CPU
		{6D70CF99-4054-413C-A8D0-64AD5F9DB0A3}.Debug|Any CPU.Build.0 = Debug|Any CPU
		{6D70CF99-4054-413C-A8D0-64AD5F9DB0A3}.Release|Any CPU.ActiveCfg = Release|Any CPU
		{6D70CF99-4054-413C-A8D0-64AD5F9DB0A3}.Release|Any CPU.Build.0 = Release|Any CPU
		{4EC5351E-EFF1-4474-8B73-433DA5AFD5D2}.Debug|Any CPU.ActiveCfg = Debug|Any CPU
		{4EC5351E-EFF1-4474-8B73-433DA5AFD5D2}.Debug|Any CPU.Build.0 = Debug|Any CPU
		{4EC5351E-EFF1-4474-8B73-433DA5AFD5D2}.Release|Any CPU.ActiveCfg = Release|Any CPU
		{4EC5351E-EFF1-4474-8B73-433DA5AFD5D2}.Release|Any CPU.Build.0 = Release|Any CPU
		{7C350971-ED03-4124-B395-6DBF8965E119}.Debug|Any CPU.ActiveCfg = Debug|Any CPU
		{7C350971-ED03-4124-B395-6DBF8965E119}.Debug|Any CPU.Build.0 = Debug|Any CPU
		{7C350971-ED03-4124-B395-6DBF8965E119}.Release|Any CPU.ActiveCfg = Release|Any CPU
		{7C350971-ED03-4124-B395-6DBF8965E119}.Release|Any CPU.Build.0 = Release|Any CPU
		{73196234-B330-4388-A9DB-EE841F828F6D}.Debug|Any CPU.ActiveCfg = Debug|Any CPU
		{73196234-B330-4388-A9DB-EE841F828F6D}.Debug|Any CPU.Build.0 = Debug|Any CPU
		{73196234-B330-4388-A9DB-EE841F828F6D}.Release|Any CPU.ActiveCfg = Release|Any CPU
		{73196234-B330-4388-A9DB-EE841F828F6D}.Release|Any CPU.Build.0 = Release|Any CPU
		{AF5E058F-AB5A-4136-AB8C-3BA5D7835560}.Debug|Any CPU.ActiveCfg = Debug|Any CPU
		{AF5E058F-AB5A-4136-AB8C-3BA5D7835560}.Debug|Any CPU.Build.0 = Debug|Any CPU
		{AF5E058F-AB5A-4136-AB8C-3BA5D7835560}.Release|Any CPU.ActiveCfg = Release|Any CPU
		{AF5E058F-AB5A-4136-AB8C-3BA5D7835560}.Release|Any CPU.Build.0 = Release|Any CPU
		{B75A2250-EC45-4D27-AC83-8CAD57B3DC11}.Debug|Any CPU.ActiveCfg = Debug|Any CPU
		{B75A2250-EC45-4D27-AC83-8CAD57B3DC11}.Debug|Any CPU.Build.0 = Debug|Any CPU
		{B75A2250-EC45-4D27-AC83-8CAD57B3DC11}.Release|Any CPU.ActiveCfg = Release|Any CPU
		{B75A2250-EC45-4D27-AC83-8CAD57B3DC11}.Release|Any CPU.Build.0 = Release|Any CPU
		{10AB642C-C064-4387-83C7-688CA93C868C}.Debug|Any CPU.ActiveCfg = Debug|Any CPU
		{10AB642C-C064-4387-83C7-688CA93C868C}.Debug|Any CPU.Build.0 = Debug|Any CPU
		{10AB642C-C064-4387-83C7-688CA93C868C}.Release|Any CPU.ActiveCfg = Release|Any CPU
		{10AB642C-C064-4387-83C7-688CA93C868C}.Release|Any CPU.Build.0 = Release|Any CPU
		{8C617106-C8ED-422C-A756-725B1C6AE1D7}.Debug|Any CPU.ActiveCfg = Debug|Any CPU
		{8C617106-C8ED-422C-A756-725B1C6AE1D7}.Debug|Any CPU.Build.0 = Debug|Any CPU
		{8C617106-C8ED-422C-A756-725B1C6AE1D7}.Release|Any CPU.ActiveCfg = Release|Any CPU
		{8C617106-C8ED-422C-A756-725B1C6AE1D7}.Release|Any CPU.Build.0 = Release|Any CPU
		{96098DCB-0138-4851-B39F-9B5D3E2113FC}.Debug|Any CPU.ActiveCfg = Debug|Any CPU
		{96098DCB-0138-4851-B39F-9B5D3E2113FC}.Debug|Any CPU.Build.0 = Debug|Any CPU
		{96098DCB-0138-4851-B39F-9B5D3E2113FC}.Release|Any CPU.ActiveCfg = Release|Any CPU
		{96098DCB-0138-4851-B39F-9B5D3E2113FC}.Release|Any CPU.Build.0 = Release|Any CPU
		{67C86B9D-4663-447A-A637-CE0F2494AA71}.Debug|Any CPU.ActiveCfg = Debug|Any CPU
		{67C86B9D-4663-447A-A637-CE0F2494AA71}.Debug|Any CPU.Build.0 = Debug|Any CPU
		{67C86B9D-4663-447A-A637-CE0F2494AA71}.Release|Any CPU.ActiveCfg = Release|Any CPU
		{67C86B9D-4663-447A-A637-CE0F2494AA71}.Release|Any CPU.Build.0 = Release|Any CPU
		{124C6C29-8A78-42E7-96B4-56F60B829F3D}.Debug|Any CPU.ActiveCfg = Debug|Any CPU
		{124C6C29-8A78-42E7-96B4-56F60B829F3D}.Debug|Any CPU.Build.0 = Debug|Any CPU
		{124C6C29-8A78-42E7-96B4-56F60B829F3D}.Release|Any CPU.ActiveCfg = Release|Any CPU
		{124C6C29-8A78-42E7-96B4-56F60B829F3D}.Release|Any CPU.Build.0 = Release|Any CPU
		{D3B7C6C7-C198-4FCA-903E-A53A08EBF4A8}.Debug|Any CPU.ActiveCfg = Debug|Any CPU
		{D3B7C6C7-C198-4FCA-903E-A53A08EBF4A8}.Debug|Any CPU.Build.0 = Debug|Any CPU
		{D3B7C6C7-C198-4FCA-903E-A53A08EBF4A8}.Release|Any CPU.ActiveCfg = Release|Any CPU
		{D3B7C6C7-C198-4FCA-903E-A53A08EBF4A8}.Release|Any CPU.Build.0 = Release|Any CPU
		{B4953FB4-E904-4C48-B03E-D826C3D9785B}.Debug|Any CPU.ActiveCfg = Debug|Any CPU
		{B4953FB4-E904-4C48-B03E-D826C3D9785B}.Debug|Any CPU.Build.0 = Debug|Any CPU
		{B4953FB4-E904-4C48-B03E-D826C3D9785B}.Release|Any CPU.ActiveCfg = Release|Any CPU
		{B4953FB4-E904-4C48-B03E-D826C3D9785B}.Release|Any CPU.Build.0 = Release|Any CPU
		{F843720A-D3A3-496E-AFBE-F441C1A2353D}.Debug|Any CPU.ActiveCfg = Debug|Any CPU
		{F843720A-D3A3-496E-AFBE-F441C1A2353D}.Debug|Any CPU.Build.0 = Debug|Any CPU
		{F843720A-D3A3-496E-AFBE-F441C1A2353D}.Release|Any CPU.ActiveCfg = Release|Any CPU
		{F843720A-D3A3-496E-AFBE-F441C1A2353D}.Release|Any CPU.Build.0 = Release|Any CPU
		{BE9BE488-A7B3-4172-96C8-329666AB7BAD}.Debug|Any CPU.ActiveCfg = Debug|Any CPU
		{BE9BE488-A7B3-4172-96C8-329666AB7BAD}.Debug|Any CPU.Build.0 = Debug|Any CPU
		{BE9BE488-A7B3-4172-96C8-329666AB7BAD}.Release|Any CPU.ActiveCfg = Release|Any CPU
		{BE9BE488-A7B3-4172-96C8-329666AB7BAD}.Release|Any CPU.Build.0 = Release|Any CPU
		{8ADB468C-2C83-4380-A8C6-622DDB339442}.Debug|Any CPU.ActiveCfg = Debug|Any CPU
		{8ADB468C-2C83-4380-A8C6-622DDB339442}.Debug|Any CPU.Build.0 = Debug|Any CPU
		{8ADB468C-2C83-4380-A8C6-622DDB339442}.Release|Any CPU.ActiveCfg = Release|Any CPU
		{8ADB468C-2C83-4380-A8C6-622DDB339442}.Release|Any CPU.Build.0 = Release|Any CPU
		{38938324-A96D-4662-9DB8-4F75AB292245}.Debug|Any CPU.ActiveCfg = Debug|Any CPU
		{38938324-A96D-4662-9DB8-4F75AB292245}.Debug|Any CPU.Build.0 = Debug|Any CPU
		{38938324-A96D-4662-9DB8-4F75AB292245}.Release|Any CPU.ActiveCfg = Release|Any CPU
		{38938324-A96D-4662-9DB8-4F75AB292245}.Release|Any CPU.Build.0 = Release|Any CPU
	EndGlobalSection
	GlobalSection(SolutionProperties) = preSolution
		HideSolutionNode = FALSE
	EndGlobalSection
	GlobalSection(NestedProjects) = preSolution
		{198D791E-8344-4DE7-8E51-01977FF2AF71} = {04A7207D-4C41-4286-A605-BF67C57F58CF}
		{1C4C4453-2F52-402E-B148-D95F0A81E21A} = {6BDC383A-98BC-485D-A382-F59B9AF8F3D1}
		{2F5C9ABA-6B2C-42F8-ACE0-2503AB203A91} = {1C4C4453-2F52-402E-B148-D95F0A81E21A}
		{DCA74AB3-9EBE-47C6-9F87-D0E2D347F134} = {1C4C4453-2F52-402E-B148-D95F0A81E21A}
		{F4DF0EA2-1068-4277-8D00-C524A1B0F2F1} = {198D791E-8344-4DE7-8E51-01977FF2AF71}
		{6D70CF99-4054-413C-A8D0-64AD5F9DB0A3} = {54F29F8A-B37B-4CF1-A046-C83004ED8080}
		{4EC5351E-EFF1-4474-8B73-433DA5AFD5D2} = {54F29F8A-B37B-4CF1-A046-C83004ED8080}
		{BC12C5C4-D096-4144-ABB4-6E6D457E3B51} = {4F5BDF52-7CE4-475A-9855-4CFE531FEAF4}
		{D092AD4B-8F8B-490D-B966-4550F2D9B9BF} = {4F5BDF52-7CE4-475A-9855-4CFE531FEAF4}
		{0015AB2A-2A64-4E89-B648-CC7A273C798A} = {6BDC383A-98BC-485D-A382-F59B9AF8F3D1}
		{7C350971-ED03-4124-B395-6DBF8965E119} = {0015AB2A-2A64-4E89-B648-CC7A273C798A}
		{73196234-B330-4388-A9DB-EE841F828F6D} = {0015AB2A-2A64-4E89-B648-CC7A273C798A}
		{1F5571C5-F985-4848-B823-1C9A0165CEC3} = {6BDC383A-98BC-485D-A382-F59B9AF8F3D1}
		{9D583EA1-EC8E-42CC-9595-24B6F38D0B8F} = {6BDC383A-98BC-485D-A382-F59B9AF8F3D1}
		{A1D31F08-1EA8-4C32-B0A0-E94B25B86252} = {6BDC383A-98BC-485D-A382-F59B9AF8F3D1}
		{AF5E058F-AB5A-4136-AB8C-3BA5D7835560} = {9D583EA1-EC8E-42CC-9595-24B6F38D0B8F}
		{B75A2250-EC45-4D27-AC83-8CAD57B3DC11} = {9D583EA1-EC8E-42CC-9595-24B6F38D0B8F}
		{10AB642C-C064-4387-83C7-688CA93C868C} = {1F5571C5-F985-4848-B823-1C9A0165CEC3}
		{8C617106-C8ED-422C-A756-725B1C6AE1D7} = {1F5571C5-F985-4848-B823-1C9A0165CEC3}
		{96098DCB-0138-4851-B39F-9B5D3E2113FC} = {A1D31F08-1EA8-4C32-B0A0-E94B25B86252}
		{67C86B9D-4663-447A-A637-CE0F2494AA71} = {A1D31F08-1EA8-4C32-B0A0-E94B25B86252}
		{124C6C29-8A78-42E7-96B4-56F60B829F3D} = {BC12C5C4-D096-4144-ABB4-6E6D457E3B51}
		{D3B7C6C7-C198-4FCA-903E-A53A08EBF4A8} = {D092AD4B-8F8B-490D-B966-4550F2D9B9BF}
		{2A8C2112-7234-4AEC-A978-266720581386} = {6BDC383A-98BC-485D-A382-F59B9AF8F3D1}
		{B4953FB4-E904-4C48-B03E-D826C3D9785B} = {2A8C2112-7234-4AEC-A978-266720581386}
		{F843720A-D3A3-496E-AFBE-F441C1A2353D} = {2A8C2112-7234-4AEC-A978-266720581386}
		{BE9BE488-A7B3-4172-96C8-329666AB7BAD} = {4F5BDF52-7CE4-475A-9855-4CFE531FEAF4}
	EndGlobalSection
EndGlobal
